
Microsoft Visual Studio Solution File, Format Version 12.00
# Visual Studio Version 17
VisualStudioVersion = 17.13.35913.81
MinimumVisualStudioVersion = 10.0.40219.1
Project("{FAE04EC0-301F-11D3-BF4B-00C04F79EFBC}") = "CareNest_Products.API", "CareNest_Products.API\CareNest_Products.API.csproj", "{C7455F6E-438B-4304-99F6-38BD4EC45B72}"
EndProject
Project("{FAE04EC0-301F-11D3-BF4B-00C04F79EFBC}") = "CareNest_Products.Application", "CareNest_Products.Application\CareNest_Products.Application.csproj", "{EA62E27A-24F4-401A-AD64-571178500B00}"
EndProject
Project("{FAE04EC0-301F-11D3-BF4B-00C04F79EFBC}") = "CareNest_Products.Domain", "CareNest_Products.Domain\CareNest_Products.Domain.csproj", "{BBF7DDBB-5851-4D35-BF98-3E643B83A486}"
EndProject
Project("{FAE04EC0-301F-11D3-BF4B-00C04F79EFBC}") = "CareNest_Products.Infrastructure", "CareNest_Products.Infrastructure\CareNest_Products.Infrastructure.csproj", "{DEF6783C-FA85-4983-BA37-65BE4715FB0F}"
EndProject
Project("{FAE04EC0-301F-11D3-BF4B-00C04F79EFBC}") = "Shared", "Shared\Shared.csproj", "{A1B2C3D4-E5F6-7890-ABCD-EF1234567890}"
EndProject
Global
	GlobalSection(SolutionConfigurationPlatforms) = preSolution
		Debug|Any CPU = Debug|Any CPU
		Release|Any CPU = Release|Any CPU
	EndGlobalSection
	GlobalSection(ProjectConfigurationPlatforms) = postSolution
		{C7455F6E-438B-4304-99F6-38BD4EC45B72}.Debug|Any CPU.ActiveCfg = Debug|Any CPU
		{C7455F6E-438B-4304-99F6-38BD4EC45B72}.Debug|Any CPU.Build.0 = Debug|Any CPU
		{C7455F6E-438B-4304-99F6-38BD4EC45B72}.Release|Any CPU.ActiveCfg = Release|Any CPU
		{C7455F6E-438B-4304-99F6-38BD4EC45B72}.Release|Any CPU.Build.0 = Release|Any CPU
		{EA62E27A-24F4-401A-AD64-571178500B00}.Debug|Any CPU.ActiveCfg = Debug|Any CPU
		{EA62E27A-24F4-401A-AD64-571178500B00}.Debug|Any CPU.Build.0 = Debug|Any CPU
		{EA62E27A-24F4-401A-AD64-571178500B00}.Release|Any CPU.ActiveCfg = Release|Any CPU
		{EA62E27A-24F4-401A-AD64-571178500B00}.Release|Any CPU.Build.0 = Release|Any CPU
		{BBF7DDBB-5851-4D35-BF98-3E643B83A486}.Debug|Any CPU.ActiveCfg = Debug|Any CPU
		{BBF7DDBB-5851-4D35-BF98-3E643B83A486}.Debug|Any CPU.Build.0 = Debug|Any CPU
		{BBF7DDBB-5851-4D35-BF98-3E643B83A486}.Release|Any CPU.ActiveCfg = Release|Any CPU
		{BBF7DDBB-5851-4D35-BF98-3E643B83A486}.Release|Any CPU.Build.0 = Release|Any CPU
		{DEF6783C-FA85-4983-BA37-65BE4715FB0F}.Debug|Any CPU.ActiveCfg = Debug|Any CPU
		{DEF6783C-FA85-4983-BA37-65BE4715FB0F}.Debug|Any CPU.Build.0 = Debug|Any CPU
		{DEF6783C-FA85-4983-BA37-65BE4715FB0F}.Release|Any CPU.ActiveCfg = Release|Any CPU
		{DEF6783C-FA85-4983-BA37-65BE4715FB0F}.Release|Any CPU.Build.0 = Release|Any CPU
		{A1B2C3D4-E5F6-7890-ABCD-EF1234567890}.Debug|Any CPU.ActiveCfg = Debug|Any CPU
		{A1B2C3D4-E5F6-7890-ABCD-EF1234567890}.Debug|Any CPU.Build.0 = Debug|Any CPU
		{A1B2C3D4-E5F6-7890-ABCD-EF1234567890}.Release|Any CPU.ActiveCfg = Release|Any CPU
		{A1B2C3D4-E5F6-7890-ABCD-EF1234567890}.Release|Any CPU.Build.0 = Release|Any CPU
	EndGlobalSection
	GlobalSection(SolutionProperties) = preSolution
		HideSolutionNode = FALSE
	EndGlobalSection
	GlobalSection(ExtensibilityGlobals) = postSolution
		SolutionGuid = {89A3D390-ED02-4E16-8153-955241A301F3}
	EndGlobalSection
EndGlobal
